
Microsoft Visual Studio Solution File, Format Version 12.00
# Visual Studio Version 17
VisualStudioVersion = 17.8.34322.80
MinimumVisualStudioVersion = 10.0.40219.1
Project("{FAE04EC0-301F-11D3-BF4B-00C04F79EFBC}") = "CommonCrm", "CommonCrm.csproj", "{3DEB4E8F-BA9C-497F-BFDD-69992DEAEB75}"
	ProjectSection(ProjectDependencies) = postProject
		{16EA95AA-5108-4B46-A5A7-86C45A0DF0E0} = {16EA95AA-5108-4B46-A5A7-86C45A0DF0E0}
		{7F9FE9A1-A0AD-48BA-BCE4-59C5F13A419E} = {7F9FE9A1-A0AD-48BA-BCE4-59C5F13A419E}
	EndProjectSection
EndProject
Project("{FAE04EC0-301F-11D3-BF4B-00C04F79EFBC}") = "CommonCrm.Data", "..\CommonCrm.Data\CommonCrm.Data.csproj", "{16EA95AA-5108-4B46-A5A7-86C45A0DF0E0}"
	ProjectSection(ProjectDependencies) = postProject
		{7F9FE9A1-A0AD-48BA-BCE4-59C5F13A419E} = {7F9FE9A1-A0AD-48BA-BCE4-59C5F13A419E}
	EndProjectSection
EndProject
Project("{FAE04EC0-301F-11D3-BF4B-00C04F79EFBC}") = "CommonCrm.Business", "..\CommonCrm.Business\CommonCrm.Business.csproj", "{7F9FE9A1-A0AD-48BA-BCE4-59C5F13A419E}"
EndProject
Global
	GlobalSection(SolutionConfigurationPlatforms) = preSolution
		Debug|Any CPU = Debug|Any CPU
		Release|Any CPU = Release|Any CPU
	EndGlobalSection
	GlobalSection(ProjectConfigurationPlatforms) = postSolution
		{3DEB4E8F-BA9C-497F-BFDD-69992DEAEB75}.Debug|Any CPU.ActiveCfg = Debug|Any CPU
		{3DEB4E8F-BA9C-497F-BFDD-69992DEAEB75}.Debug|Any CPU.Build.0 = Debug|Any CPU
		{3DEB4E8F-BA9C-497F-BFDD-69992DEAEB75}.Release|Any CPU.ActiveCfg = Release|Any CPU
		{3DEB4E8F-BA9C-497F-BFDD-69992DEAEB75}.Release|Any CPU.Build.0 = Release|Any CPU
		{16EA95AA-5108-4B46-A5A7-86C45A0DF0E0}.Debug|Any CPU.ActiveCfg = Debug|Any CPU
		{16EA95AA-5108-4B46-A5A7-86C45A0DF0E0}.Debug|Any CPU.Build.0 = Debug|Any CPU
		{16EA95AA-5108-4B46-A5A7-86C45A0DF0E0}.Release|Any CPU.ActiveCfg = Release|Any CPU
		{16EA95AA-5108-4B46-A5A7-86C45A0DF0E0}.Release|Any CPU.Build.0 = Release|Any CPU
		{7F9FE9A1-A0AD-48BA-BCE4-59C5F13A419E}.Debug|Any CPU.ActiveCfg = Debug|Any CPU
		{7F9FE9A1-A0AD-48BA-BCE4-59C5F13A419E}.Debug|Any CPU.Build.0 = Debug|Any CPU
		{7F9FE9A1-A0AD-48BA-BCE4-59C5F13A419E}.Release|Any CPU.ActiveCfg = Release|Any CPU
		{7F9FE9A1-A0AD-48BA-BCE4-59C5F13A419E}.Release|Any CPU.Build.0 = Release|Any CPU
	EndGlobalSection
	GlobalSection(SolutionProperties) = preSolution
		HideSolutionNode = FALSE
	EndGlobalSection
	GlobalSection(ExtensibilityGlobals) = postSolution
		SolutionGuid = {BD524234-208C-4584-82B8-D2B8232C3189}
	EndGlobalSection
EndGlobal
